lockfileVersion: '9.0'

settings:
  autoInstallPeers: true
  excludeLinksFromLockfile: false

importers:

  .:
    devDependencies:
      turbo:
        specifier: ^2.1.0
        version: 2.8.17
      typescript:
        specifier: ^5.5.0
        version: 5.9.3

packages:

  turbo@2.8.17:
    resolution: {integrity: sha512-YwPsNSqU2f/RXU/+Kcb7cPkPZARxom4+me7LKEdN5jsvy2tpfze3zDZ4EiGrJnvOm9Avu9rK0aaYsP7qZ3iz7A==, tarball: https://npm.artifacts.furycloud.io/repository/all/turbo/-/turbo-2.8.17.tgz}
    hasBin: true

  typescript@5.9.3:
    resolution: {integrity: sha512-jl1vZzPDinLr9eUt3J/t7V6FgNEw9QjvBPdysz9KfQDD41fQrC2Y4vKQdiaUpFT4bXlb1RHhLpp8wtm6M5TgSw==, tarball: https://npm.artifacts.furycloud.io/repository/all/typescript/-/typescript-5.9.3.tgz}
    engines: {node: '>=14.17'}
    hasBin: true

snapshots:

  turbo@2.8.17: {}

  typescript@5.9.3: {}
